
Microsoft Visual Studio Solution File, Format Version 12.00
# Visual Studio Version 16
VisualStudioVersion = 16.0.31205.134
MinimumVisualStudioVersion = 10.0.40219.1
Project("{FAE04EC0-301F-11D3-BF4B-00C04F79EFBC}") = "PuertaMagica.API", "PuertaMagica.API\PuertaMagica.API.csproj", "{0324C697-E382-4A26-8545-1CF4A15C760F}"
EndProject
Project("{FAE04EC0-301F-11D3-BF4B-00C04F79EFBC}") = "PuertaMagica.BL", "PuertaMagica.BL\PuertaMagica.BL.csproj", "{61C5C1FC-CC84-4FDF-BDD6-CDC25A0AFED5}"
EndProject
Project("{FAE04EC0-301F-11D3-BF4B-00C04F79EFBC}") = "PuertaMagica.DAL", "PuertaMagica.DAL\PuertaMagica.DAL.csproj", "{4233BBD1-C93B-482F-BC85-C4F5BB13B840}"
EndProject
Project("{FAE04EC0-301F-11D3-BF4B-00C04F79EFBC}") = "PuertaMagica.Core", "PuertaMagica.Core\PuertaMagica.Core.csproj", "{D0E00592-A408-4972-91C9-1421532ADE2E}"
EndProject
Global
	GlobalSection(SolutionConfigurationPlatforms) = preSolution
		Debug|Any CPU = Debug|Any CPU
		Release|Any CPU = Release|Any CPU
	EndGlobalSection
	GlobalSection(ProjectConfigurationPlatforms) = postSolution
		{0324C697-E382-4A26-8545-1CF4A15C760F}.Debug|Any CPU.ActiveCfg = Debug|Any CPU
		{0324C697-E382-4A26-8545-1CF4A15C760F}.Debug|Any CPU.Build.0 = Debug|Any CPU
		{0324C697-E382-4A26-8545-1CF4A15C760F}.Release|Any CPU.ActiveCfg = Release|Any CPU
		{0324C697-E382-4A26-8545-1CF4A15C760F}.Release|Any CPU.Build.0 = Release|Any CPU
		{61C5C1FC-CC84-4FDF-BDD6-CDC25A0AFED5}.Debug|Any CPU.ActiveCfg = Debug|Any CPU
		{61C5C1FC-CC84-4FDF-BDD6-CDC25A0AFED5}.Debug|Any CPU.Build.0 = Debug|Any CPU
		{61C5C1FC-CC84-4FDF-BDD6-CDC25A0AFED5}.Release|Any CPU.ActiveCfg = Release|Any CPU
		{61C5C1FC-CC84-4FDF-BDD6-CDC25A0AFED5}.Release|Any CPU.Build.0 = Release|Any CPU
		{4233BBD1-C93B-482F-BC85-C4F5BB13B840}.Debug|Any CPU.ActiveCfg = Debug|Any CPU
		{4233BBD1-C93B-482F-BC85-C4F5BB13B840}.Debug|Any CPU.Build.0 = Debug|Any CPU
		{4233BBD1-C93B-482F-BC85-C4F5BB13B840}.Release|Any CPU.ActiveCfg = Release|Any CPU
		{4233BBD1-C93B-482F-BC85-C4F5BB13B840}.Release|Any CPU.Build.0 = Release|Any CPU
		{D0E00592-A408-4972-91C9-1421532ADE2E}.Debug|Any CPU.ActiveCfg = Debug|Any CPU
		{D0E00592-A408-4972-91C9-1421532ADE2E}.Debug|Any CPU.Build.0 = Debug|Any CPU
		{D0E00592-A408-4972-91C9-1421532ADE2E}.Release|Any CPU.ActiveCfg = Release|Any CPU
		{D0E00592-A408-4972-91C9-1421532ADE2E}.Release|Any CPU.Build.0 = Release|Any CPU
	EndGlobalSection
	GlobalSection(SolutionProperties) = preSolution
		HideSolutionNode = FALSE
	EndGlobalSection
	GlobalSection(ExtensibilityGlobals) = postSolution
		SolutionGuid = {5B41809E-16EA-41D6-80EA-A1166A00DDFF}
	EndGlobalSection
EndGlobal
